// !$*UTF8*$!
{
	archiveVersion = 1;
	classes = {
	};
	objectVersion = 50;
	objects = {

/* Begin PBXBuildFile section */
		945FD44C20D2BE8100172415 /* MenuTableViewController.swift in Sources */ = {isa = PBXBuildFile; fileRef = 945FD44B20D2BE8100172415 /* MenuTableViewController.swift */; };
		94B0243A20D1142600F86EBD /* userInformation.swift in Sources */ = {isa = PBXBuildFile; fileRef = 94B0243920D1142600F86EBD /* userInformation.swift */; };
		94E0772020D02F1D00F350AB /* AppDelegate.swift in Sources */ = {isa = PBXBuildFile; fileRef = 94E0771F20D02F1D00F350AB /* AppDelegate.swift */; };
		94E0772220D02F1D00F350AB /* ViewController.swift in Sources */ = {isa = PBXBuildFile; fileRef = 94E0772120D02F1D00F350AB /* ViewController.swift */; };
		94E0772520D02F1D00F350AB /* Main.storyboard in Resources */ = {isa = PBXBuildFile; fileRef = 94E0772320D02F1D00F350AB /* Main.storyboard */; };
		94E0772720D02F2000F350AB /* Assets.xcassets in Resources */ = {isa = PBXBuildFile; fileRef = 94E0772620D02F2000F350AB /* Assets.xcassets */; };
		94E0772A20D02F2000F350AB /* LaunchScreen.storyboard in Resources */ = {isa = PBXBuildFile; fileRef = 94E0772820D02F2000F350AB /* LaunchScreen.storyboard */; };
		BD5194A72F1C7CBEC73CDED6 /* Pods_Daily_Food.framework in Frameworks */ = {isa = PBXBuildFile; fileRef = 6862C7A3085B9329772578DA /* Pods_Daily_Food.framework */; };
/* End PBXBuildFile section */

/* Begin PBXFileReference section */
		6862C7A3085B9329772578DA /* Pods_Daily_Food.framework */ = {isa = PBXFileReference; explicitFileType = wrapper.framework; includeInIndex = 0; path = Pods_Daily_Food.framework; sourceTree = BUILT_PRODUCTS_DIR; };
		6CCAE814031118C2FAAEB1CA /* Pods-Daily Food.debug.xcconfig */ = {isa = PBXFileReference; includeInIndex = 1; lastKnownFileType = text.xcconfig; name = "Pods-Daily Food.debug.xcconfig"; path = "Pods/Target Support Files/Pods-Daily Food/Pods-Daily Food.debug.xcconfig"; sourceTree = "<group>"; };
		7AE9B0228CE9FBB3B0E07F60 /* Pods-Daily Food.release.xcconfig */ = {isa = PBXFileReference; includeInIndex = 1; lastKnownFileType = text.xcconfig; name = "Pods-Daily Food.release.xcconfig"; path = "Pods/Target Support Files/Pods-Daily Food/Pods-Daily Food.release.xcconfig"; sourceTree = "<group>"; };
		945FD44B20D2BE8100172415 /* MenuTableViewController.swift */ = {isa = PBXFileReference; lastKnownFileType = sourcecode.swift; path = MenuTableViewController.swift; sourceTree = "<group>"; };
		94B0243920D1142600F86EBD /* userInformation.swift */ = {isa = PBXFileReference; lastKnownFileType = sourcecode.swift; path = userInformation.swift; sourceTree = "<group>"; };
		94E0771C20D02F1D00F350AB /* Daily Food.app */ = {isa = PBXFileReference; explicitFileType = wrapper.application; includeInIndex = 0; path = "Daily Food.app"; sourceTree = BUILT_PRODUCTS_DIR; };
		94E0771F20D02F1D00F350AB /* AppDelegate.swift */ = {isa = PBXFileReference; lastKnownFileType = sourcecode.swift; path = AppDelegate.swift; sourceTree = "<group>"; };
		94E0772120D02F1D00F350AB /* ViewController.swift */ = {isa = PBXFileReference; lastKnownFileType = sourcecode.swift; path = ViewController.swift; sourceTree = "<group>"; };
		94E0772420D02F1D00F350AB /* Base */ = {isa = PBXFileReference; lastKnownFileType = file.storyboard; name = Base; path = Base.lproj/Main.storyboard; sourceTree = "<group>"; };
		94E0772620D02F2000F350AB /* Assets.xcassets */ = {isa = PBXFileReference; lastKnownFileType = folder.assetcatalog; path = Assets.xcassets; sourceTree = "<group>"; };
		94E0772920D02F2000F350AB /* Base */ = {isa = PBXFileReference; lastKnownFileType = file.storyboard; name = Base; path = Base.lproj/LaunchScreen.storyboard; sourceTree = "<group>"; };
		94E0772B20D02F2000F350AB /* Info.plist */ = {isa = PBXFileReference; lastKnownFileType = text.plist.xml; path = Info.plist; sourceTree = "<group>"; };
/* End PBXFileReference section */

/* Begin PBXFrameworksBuildPhase section */
		94E0771920D02F1D00F350AB /* Frameworks */ = {
			isa = PBXFrameworksBuildPhase;
			buildActionMask = 2147483647;
			files = (
				BD5194A72F1C7CBEC73CDED6 /* Pods_Daily_Food.framework in Frameworks */,
			);
			runOnlyForDeploymentPostprocessing = 0;
		};
/* End PBXFrameworksBuildPhase section */

/* Begin PBXGroup section */
		7F533CF63FCC22A3A61A37A5 /* Frameworks */ = {
			isa = PBXGroup;
			children = (
				6862C7A3085B9329772578DA /* Pods_Daily_Food.framework */,
			);
			name = Frameworks;
			sourceTree = "<group>";
		};
		94E0771320D02F1D00F350AB = {
			isa = PBXGroup;
			children = (
				94E0771E20D02F1D00F350AB /* Daily Food */,
				94E0771D20D02F1D00F350AB /* Products */,
				C9EEA8C3A18F40E1EE78662B /* Pods */,
				7F533CF63FCC22A3A61A37A5 /* Frameworks */,
			);
			sourceTree = "<group>";
		};
		94E0771D20D02F1D00F350AB /* Products */ = {
			isa = PBXGroup;
			children = (
				94E0771C20D02F1D00F350AB /* Daily Food.app */,
			);
			name = Products;
			sourceTree = "<group>";
		};
		94E0771E20D02F1D00F350AB /* Daily Food */ = {
			isa = PBXGroup;
			children = (
				94E0771F20D02F1D00F350AB /* AppDelegate.swift */,
				94E0772120D02F1D00F350AB /* ViewController.swift */,
				94B0243920D1142600F86EBD /* userInformation.swift */,
				94E0772320D02F1D00F350AB /* Main.storyboard */,
				945FD44B20D2BE8100172415 /* MenuTableViewController.swift */,
				94E0772620D02F2000F350AB /* Assets.xcassets */,
				94E0772820D02F2000F350AB /* LaunchScreen.storyboard */,
				94E0772B20D02F2000F350AB /* Info.plist */,
			);
			path = "Daily Food";
			sourceTree = "<group>";
		};
		C9EEA8C3A18F40E1EE78662B /* Pods */ = {
			isa = PBXGroup;
			children = (
				6CCAE814031118C2FAAEB1CA /* Pods-Daily Food.debug.xcconfig */,
				7AE9B0228CE9FBB3B0E07F60 /* Pods-Daily Food.release.xcconfig */,
			);
			name = Pods;
			sourceTree = "<group>";
		};
/* End PBXGroup section */

/* Begin PBXNativeTarget section */
		94E0771B20D02F1D00F350AB /* Daily Food */ = {
			isa = PBXNativeTarget;
			buildConfigurationList = 94E0772E20D02F2000F350AB /* Build configuration list for PBXNativeTarget "Daily Food" */;
			buildPhases = (
				C3B8CE5DCF283E6B6237C88E /* [CP] Check Pods Manifest.lock */,
				94E0771820D02F1D00F350AB /* Sources */,
				94E0771920D02F1D00F350AB /* Frameworks */,
				94E0771A20D02F1D00F350AB /* Resources */,
				5589A4D8B490EAFEA35E7B61 /* [CP] Embed Pods Frameworks */,
				EDF5E04E553052CEF3718DFC /* [CP] Copy Pods Resources */,
			);
			buildRules = (
			);
			dependencies = (
			);
			name = "Daily Food";
			productName = "Daily Food";
			productReference = 94E0771C20D02F1D00F350AB /* Daily Food.app */;
			productType = "com.apple.product-type.application";
		};
/* End PBXNativeTarget section */

/* Begin PBXProject section */
		94E0771420D02F1D00F350AB /* Project object */ = {
			isa = PBXProject;
			attributes = {
				LastSwiftUpdateCheck = 0940;
				LastUpgradeCheck = 0940;
				ORGANIZATIONNAME = "Alyona Hulak";
				TargetAttributes = {
					94E0771B20D02F1D00F350AB = {
						CreatedOnToolsVersion = 9.4;
					};
				};
			};
			buildConfigurationList = 94E0771720D02F1D00F350AB /* Build configuration list for PBXProject "Daily Food" */;
			compatibilityVersion = "Xcode 9.3";
			developmentRegion = en;
			hasScannedForEncodings = 0;
			knownRegions = (
				en,
				Base,
			);
			mainGroup = 94E0771320D02F1D00F350AB;
			productRefGroup = 94E0771D20D02F1D00F350AB /* Products */;
			projectDirPath = "";
			projectRoot = "";
			targets = (
				94E0771B20D02F1D00F350AB /* Daily Food */,
			);
		};
/* End PBXProject section */

/* Begin PBXResourcesBuildPhase section */
		94E0771A20D02F1D00F350AB /* Resources */ = {
			isa = PBXResourcesBuildPhase;
			buildActionMask = 2147483647;
			files = (
				94E0772A20D02F2000F350AB /* LaunchScreen.storyboard in Resources */,
				94E0772720D02F2000F350AB /* Assets.xcassets in Resources */,
				94E0772520D02F1D00F350AB /* Main.storyboard in Resources */,
			);
			runOnlyForDeploymentPostprocessing = 0;
		};
/* End PBXResourcesBuildPhase section */

/* Begin PBXShellScriptBuildPhase section */
		5589A4D8B490EAFEA35E7B61 /* [CP] Embed Pods Frameworks */ = {
			isa = PBXShellScriptBuildPhase;
			buildActionMask = 2147483647;
			files = (
			);
			inputPaths = (
				"${SRCROOT}/Pods/Target Support Files/Pods-Daily Food/Pods-Daily Food-frameworks.sh",
				"${BUILT_PRODUCTS_DIR}/GTMOAuth2/GTMOAuth2.framework",
				"${BUILT_PRODUCTS_DIR}/GTMSessionFetcher/GTMSessionFetcher.framework",
				"${BUILT_PRODUCTS_DIR}/GoogleAPIClientForREST/GoogleAPIClientForREST.framework",
				"${BUILT_PRODUCTS_DIR}/GoogleToolboxForMac/GoogleToolboxForMac.framework",
			);
			name = "[CP] Embed Pods Frameworks";
			outputPaths = (
				"${TARGET_BUILD_DIR}/${FRAMEWORKS_FOLDER_PATH}/GTMOAuth2.framework",
				"${TARGET_BUILD_DIR}/${FRAMEWORKS_FOLDER_PATH}/GTMSessionFetcher.framework",
				"${TARGET_BUILD_DIR}/${FRAMEWORKS_FOLDER_PATH}/GoogleAPIClientForREST.framework",
				"${TARGET_BUILD_DIR}/${FRAMEWORKS_FOLDER_PATH}/GoogleToolboxForMac.framework",
			);
			runOnlyForDeploymentPostprocessing = 0;
			shellPath = /bin/sh;
			shellScript = "\"${SRCROOT}/Pods/Target Support Files/Pods-Daily Food/Pods-Daily Food-frameworks.sh\"\n";
			showEnvVarsInLog = 0;
		};
		C3B8CE5DCF283E6B6237C88E /* [CP] Check Pods Manifest.lock */ = {
			isa = PBXShellScriptBuildPhase;
			buildActionMask = 2147483647;
			files = (
			);
			inputPaths = (
				"${PODS_PODFILE_DIR_PATH}/Podfile.lock",
				"${PODS_ROOT}/Manifest.lock",
			);
			name = "[CP] Check Pods Manifest.lock";
			outputPaths = (
				"$(DERIVED_FILE_DIR)/Pods-Daily Food-checkManifestLockResult.txt",
			);
			runOnlyForDeploymentPostprocessing = 0;
			shellPath = /bin/sh;
			shellScript = "diff \"${PODS_PODFILE_DIR_PATH}/Podfile.lock\" \"${PODS_ROOT}/Manifest.lock\" > /dev/null\nif [ $? != 0 ] ; then\n    # print error to STDERR\n    echo \"error: The sandbox is not in sync with the Podfile.lock. Run 'pod install' or update your CocoaPods installation.\" >&2\n    exit 1\nfi\n# This output is used by Xcode 'outputs' to avoid re-running this script phase.\necho \"SUCCESS\" > \"${SCRIPT_OUTPUT_FILE_0}\"\n";
			showEnvVarsInLog = 0;
		};
		EDF5E04E553052CEF3718DFC /* [CP] Copy Pods Resources */ = {
			isa = PBXShellScriptBuildPhase;
			buildActionMask = 2147483647;
			files = (
			);
			inputPaths = (
				"${SRCROOT}/Pods/Target Support Files/Pods-Daily Food/Pods-Daily Food-resources.sh",
				"${PODS_ROOT}/GoogleSignIn/Resources/GoogleSignIn.bundle",
			);
			name = "[CP] Copy Pods Resources";
			outputPaths = (
				"${TARGET_BUILD_DIR}/${UNLOCALIZED_RESOURCES_FOLDER_PATH}/GoogleSignIn.bundle",
			);
			runOnlyForDeploymentPostprocessing = 0;
			shellPath = /bin/sh;
			shellScript = "\"${SRCROOT}/Pods/Target Support Files/Pods-Daily Food/Pods-Daily Food-resources.sh\"\n";
			showEnvVarsInLog = 0;
		};
/* End PBXShellScriptBuildPhase section */

/* Begin PBXSourcesBuildPhase section */
		94E0771820D02F1D00F350AB /* Sources */ = {
			isa = PBXSourcesBuildPhase;
			buildActionMask = 2147483647;
			files = (
				945FD44C20D2BE8100172415 /* MenuTableViewController.swift in Sources */,
				94E0772220D02F1D00F350AB /* ViewController.swift in Sources */,
				94B0243A20D1142600F86EBD /* userInformation.swift in Sources */,
				94E0772020D02F1D00F350AB /* AppDelegate.swift in Sources */,
			);
			runOnlyForDeploymentPostprocessing = 0;
		};
/* End PBXSourcesBuildPhase section */

/* Begin PBXVariantGroup section */
		94E0772320D02F1D00F350AB /* Main.storyboard */ = {
			isa = PBXVariantGroup;
			children = (
				94E0772420D02F1D00F350AB /* Base */,
			);
			name = Main.storyboard;
			sourceTree = "<group>";
		};
		94E0772820D02F2000F350AB /* LaunchScreen.storyboard */ = {
			isa = PBXVariantGroup;
			children = (
				94E0772920D02F2000F350AB /* Base */,
			);
			name = LaunchScreen.storyboard;
			sourceTree = "<group>";
		};
/* End PBXVariantGroup section */

/* Begin XCBuildConfiguration section */
		94E0772C20D02F2000F350AB /* Debug */ = {
			isa = XCBuildConfiguration;
			buildSettings = {
				ALWAYS_SEARCH_USER_PATHS = NO;
				CLANG_ANALYZER_NONNULL = YES;
				CLANG_ANALYZER_NUMBER_OBJECT_CONVERSION = YES_AGGRESSIVE;
				CLANG_CXX_LANGUAGE_STANDARD = "gnu++14";
				CLANG_CXX_LIBRARY = "libc++";
				CLANG_ENABLE_MODULES = YES;
				CLANG_ENABLE_OBJC_ARC = YES;
				CLANG_ENABLE_OBJC_WEAK = YES;
				CLANG_WARN_BLOCK_CAPTURE_AUTORELEASING = YES;
				CLANG_WARN_BOOL_CONVERSION = YES;
				CLANG_WARN_COMMA = YES;
				CLANG_WARN_CONSTANT_CONVERSION = YES;
				CLANG_WARN_DEPRECATED_OBJC_IMPLEMENTATIONS = YES;
				CLANG_WARN_DIRECT_OBJC_ISA_USAGE = YES_ERROR;
				CLANG_WARN_DOCUMENTATION_COMMENTS = YES;
				CLANG_WARN_EMPTY_BODY = YES;
				CLANG_WARN_ENUM_CONVERSION = YES;
				CLANG_WARN_INFINITE_RECURSION = YES;
				CLANG_WARN_INT_CONVERSION = YES;
				CLANG_WARN_NON_LITERAL_NULL_CONVERSION = YES;
				CLANG_WARN_OBJC_IMPLICIT_RETAIN_SELF = YES;
				CLANG_WARN_OBJC_LITERAL_CONVERSION = YES;
				CLANG_WARN_OBJC_ROOT_CLASS = YES_ERROR;
				CLANG_WARN_RANGE_LOOP_ANALYSIS = YES;
				CLANG_WARN_STRICT_PROTOTYPES = YES;
				CLANG_WARN_SUSPICIOUS_MOVE = YES;
				CLANG_WARN_UNGUARDED_AVAILABILITY = YES_AGGRESSIVE;
				CLANG_WARN_UNREACHABLE_CODE = YES;
				CLANG_WARN__DUPLICATE_METHOD_MATCH = YES;
				CODE_SIGN_IDENTITY = "iPhone Developer";
				COPY_PHASE_STRIP = NO;
				DEBUG_INFORMATION_FORMAT = dwarf;
				ENABLE_STRICT_OBJC_MSGSEND = YES;
				ENABLE_TESTABILITY = YES;
				GCC_C_LANGUAGE_STANDARD = gnu11;
				GCC_DYNAMIC_NO_PIC = NO;
				GCC_NO_COMMON_BLOCKS = YES;
				GCC_OPTIMIZATION_LEVEL = 0;
				GCC_PREPROCESSOR_DEFINITIONS = (
					"DEBUG=1",
					"$(inherited)",
				);
				GCC_WARN_64_TO_32_BIT_CONVERSION = YES;
				GCC_WARN_ABOUT_RETURN_TYPE = YES_ERROR;
				GCC_WARN_UNDECLARED_SELECTOR = YES;
				GCC_WARN_UNINITIALIZED_AUTOS = YES_AGGRESSIVE;
				GCC_WARN_UNUSED_FUNCTION = YES;
				GCC_WARN_UNUSED_VARIABLE = YES;
				IPHONEOS_DEPLOYMENT_TARGET = 11.4;
				MTL_ENABLE_DEBUG_INFO = YES;
				ONLY_ACTIVE_ARCH = YES;
				SDKROOT = iphoneos;
				SWIFT_ACTIVE_COMPILATION_CONDITIONS = DEBUG;
				SWIFT_OPTIMIZATION_LEVEL = "-Onone";
			};
			name = Debug;
		};
		94E0772D20D02F2000F350AB /* Release */ = {
			isa = XCBuildConfiguration;
			buildSettings = {
				ALWAYS_SEARCH_USER_PATHS = NO;
				CLANG_ANALYZER_NONNULL = YES;
				CLANG_ANALYZER_NUMBER_OBJECT_CONVERSION = YES_AGGRESSIVE;
				CLANG_CXX_LANGUAGE_STANDARD = "gnu++14";
				CLANG_CXX_LIBRARY = "libc++";
				CLANG_ENABLE_MODULES = YES;
				CLANG_ENABLE_OBJC_ARC = YES;
				CLANG_ENABLE_OBJC_WEAK = YES;
				CLANG_WARN_BLOCK_CAPTURE_AUTORELEASING = YES;
				CLANG_WARN_BOOL_CONVERSION = YES;
				CLANG_WARN_COMMA = YES;
				CLANG_WARN_CONSTANT_CONVERSION = YES;
				CLANG_WARN_DEPRECATED_OBJC_IMPLEMENTATIONS = YES;
				CLANG_WARN_DIRECT_OBJC_ISA_USAGE = YES_ERROR;
				CLANG_WARN_DOCUMENTATION_COMMENTS = YES;
				CLANG_WARN_EMPTY_BODY = YES;
				CLANG_WARN_ENUM_CONVERSION = YES;
				CLANG_WARN_INFINITE_RECURSION = YES;
				CLANG_WARN_INT_CONVERSION = YES;
				CLANG_WARN_NON_LITERAL_NULL_CONVERSION = YES;
				CLANG_WARN_OBJC_IMPLICIT_RETAIN_SELF = YES;
				CLANG_WARN_OBJC_LITERAL_CONVERSION = YES;
				CLANG_WARN_OBJC_ROOT_CLASS = YES_ERROR;
				CLANG_WARN_RANGE_LOOP_ANALYSIS = YES;
				CLANG_WARN_STRICT_PROTOTYPES = YES;
				CLANG_WARN_SUSPICIOUS_MOVE = YES;
				CLANG_WARN_UNGUARDED_AVAILABILITY = YES_AGGRESSIVE;
				CLANG_WARN_UNREACHABLE_CODE = YES;
				CLANG_WARN__DUPLICATE_METHOD_MATCH = YES;
				CODE_SIGN_IDENTITY = "iPhone Developer";
				COPY_PHASE_STRIP = NO;
				DEBUG_INFORMATION_FORMAT = "dwarf-with-dsym";
				ENABLE_NS_ASSERTIONS = NO;
				ENABLE_STRICT_OBJC_MSGSEND = YES;
				GCC_C_LANGUAGE_STANDARD = gnu11;
				GCC_NO_COMMON_BLOCKS = YES;
				GCC_WARN_64_TO_32_BIT_CONVERSION = YES;
				GCC_WARN_ABOUT_RETURN_TYPE = YES_ERROR;
				GCC_WARN_UNDECLARED_SELECTOR = YES;
				GCC_WARN_UNINITIALIZED_AUTOS = YES_AGGRESSIVE;
				GCC_WARN_UNUSED_FUNCTION = YES;
				GCC_WARN_UNUSED_VARIABLE = YES;
				IPHONEOS_DEPLOYMENT_TARGET = 11.4;
				MTL_ENABLE_DEBUG_INFO = NO;
				SDKROOT = iphoneos;
				SWIFT_COMPILATION_MODE = wholemodule;
				SWIFT_OPTIMIZATION_LEVEL = "-O";
				VALIDATE_PRODUCT = YES;
			};
			name = Release;
		};
		94E0772F20D02F2000F350AB /* Debug */ = {
			isa = XCBuildConfiguration;
			baseConfigurationReference = 6CCAE814031118C2FAAEB1CA /* Pods-Daily Food.debug.xcconfig */;
			buildSettings = {
				ASSETCATALOG_COMPILER_APPICON_NAME = AppIcon;
				CODE_SIGN_STYLE = Automatic;
				INFOPLIST_FILE = "Daily Food/Info.plist";
				LD_RUNPATH_SEARCH_PATHS = (
					"$(inherited)",
					"@executable_path/Frameworks",
				);
				PRODUCT_BUNDLE_IDENTIFIER = "gulaksoft.Daily-Food";
				PRODUCT_NAME = "$(TARGET_NAME)";
				SWIFT_VERSION = 4.0;
				TARGETED_DEVICE_FAMILY = "1,2";
			};
			name = Debug;
		};
		94E0773020D02F2000F350AB /* Release */ = {
			isa = XCBuildConfiguration;
			baseConfigurationReference = 7AE9B0228CE9FBB3B0E07F60 /* Pods-Daily Food.release.xcconfig */;
			buildSettings = {
				ASSETCATALOG_COMPILER_APPICON_NAME = AppIcon;
				CODE_SIGN_STYLE = Automatic;
				INFOPLIST_FILE = "Daily Food/Info.plist";
				LD_RUNPATH_SEARCH_PATHS = (
					"$(inherited)",
					"@executable_path/Frameworks",
				);
				PRODUCT_BUNDLE_IDENTIFIER = "gulaksoft.Daily-Food";
				PRODUCT_NAME = "$(TARGET_NAME)";
				SWIFT_VERSION = 4.0;
				TARGETED_DEVICE_FAMILY = "1,2";
			};
			name = Release;
		};
/* End XCBuildConfiguration section */

/* Begin XCConfigurationList section */
		94E0771720D02F1D00F350AB /* Build configuration list for PBXProject "Daily Food" */ = {
			isa = XCConfigurationList;
			buildConfigurations = (
				94E0772C20D02F2000F350AB /* Debug */,
				94E0772D20D02F2000F350AB /* Release */,
			);
			defaultConfigurationIsVisible = 0;
			defaultConfigurationName = Release;
		};
		94E0772E20D02F2000F350AB /* Build configuration list for PBXNativeTarget "Daily Food" */ = {
			isa = XCConfigurationList;
			buildConfigurations = (
				94E0772F20D02F2000F350AB /* Debug */,
				94E0773020D02F2000F350AB /* Release */,
			);
			defaultConfigurationIsVisible = 0;
			defaultConfigurationName = Release;
		};
/* End XCConfigurationList section */
	};
	rootObject = 94E0771420D02F1D00F350AB /* Project object */;
}
